
Microsoft Visual Studio Solution File, Format Version 9.00
# Visual Studio 2005
# Clarion 2.1.0.2447
Project("{12B76EC0-1D7B-4FA7-A7D0-C524288B48A1}") = "Clarionizer", "Clarionizer.cwproj", "{8F9F63B5-328B-42B9-8BFD-935482B2605B}"
EndProject
Project("{2150E333-8FDC-42A3-9474-1A3956D46DE8}") = "Solution Items", "Solution Items", "{{2150E333-8FDC-42A3-9474-1A3956D46DE8}}"
	ProjectSection(SolutionItems) = postProject
		Clarionizer.app = Clarionizer.app
	EndProjectSection
EndProject
Global
	GlobalSection(SolutionConfigurationPlatforms) = preSolution
		Debug|Win32 = Debug|Win32
		Release|Win32 = Release|Win32
	EndGlobalSection
	GlobalSection(ProjectConfigurationPlatforms) = postSolution
		{8F9F63B5-328B-42B9-8BFD-935482B2605B}.Debug|Win32.Build.0 = Debug|Win32
		{8F9F63B5-328B-42B9-8BFD-935482B2605B}.Debug|Win32.ActiveCfg = Debug|Win32
		{8F9F63B5-328B-42B9-8BFD-935482B2605B}.Release|Win32.Build.0 = Release|Win32
		{8F9F63B5-328B-42B9-8BFD-935482B2605B}.Release|Win32.ActiveCfg = Release|Win32
	EndGlobalSection
EndGlobal
